
Microsoft Visual Studio Solution File, Format Version 12.00
# Visual Studio Version 17
VisualStudioVersion = 17.3.32929.385
MinimumVisualStudioVersion = 10.0.40219.1
Project("{9A19103F-16F7-4668-BE54-9A1E7A4F7556}") = "SharpCmd", "SharpCmd.csproj", "{CDC03325-8D29-4E11-AB05-A323EFD040DF}"
EndProject
Global
	GlobalSection(SolutionConfigurationPlatforms) = preSolution
		Debug|Any CPU = Debug|Any CPU
		Debug|x64 = Debug|x64
		Debug|x86 = Debug|x86
		NET35|Any CPU = NET35|Any CPU
		NET35|x64 = NET35|x64
		NET35|x86 = NET35|x86
		NET40|Any CPU = NET40|Any CPU
		NET40|x64 = NET40|x64
		NET40|x86 = NET40|x86
		Release|Any CPU = Release|Any CPU
		Release|x64 = Release|x64
		Release|x86 = Release|x86
	EndGlobalSection
	GlobalSection(ProjectConfigurationPlatforms) = postSolution
		{CDC03325-8D29-4E11-AB05-A323EFD040DF}.Debug|Any CPU.ActiveCfg = Debug|Any CPU
		{CDC03325-8D29-4E11-AB05-A323EFD040DF}.Debug|Any CPU.Build.0 = Debug|Any CPU
		{CDC03325-8D29-4E11-AB05-A323EFD040DF}.Debug|x64.ActiveCfg = Debug|Any CPU
		{CDC03325-8D29-4E11-AB05-A323EFD040DF}.Debug|x64.Build.0 = Debug|Any CPU
		{CDC03325-8D29-4E11-AB05-A323EFD040DF}.Debug|x86.ActiveCfg = Debug|x86
		{CDC03325-8D29-4E11-AB05-A323EFD040DF}.Debug|x86.Build.0 = Debug|x86
		{CDC03325-8D29-4E11-AB05-A323EFD040DF}.NET35|Any CPU.ActiveCfg = NET35|Any CPU
		{CDC03325-8D29-4E11-AB05-A323EFD040DF}.NET35|Any CPU.Build.0 = NET35|Any CPU
		{CDC03325-8D29-4E11-AB05-A323EFD040DF}.NET35|x64.ActiveCfg = NET35|Any CPU
		{CDC03325-8D29-4E11-AB05-A323EFD040DF}.NET35|x64.Build.0 = NET35|Any CPU
		{CDC03325-8D29-4E11-AB05-A323EFD040DF}.NET35|x86.ActiveCfg = NET35|x86
		{CDC03325-8D29-4E11-AB05-A323EFD040DF}.NET35|x86.Build.0 = NET35|x86
		{CDC03325-8D29-4E11-AB05-A323EFD040DF}.NET40|Any CPU.ActiveCfg = NET35|Any CPU
		{CDC03325-8D29-4E11-AB05-A323EFD040DF}.NET40|Any CPU.Build.0 = NET35|Any CPU
		{CDC03325-8D29-4E11-AB05-A323EFD040DF}.NET40|x64.ActiveCfg = NET40|Any CPU
		{CDC03325-8D29-4E11-AB05-A323EFD040DF}.NET40|x64.Build.0 = NET40|Any CPU
		{CDC03325-8D29-4E11-AB05-A323EFD040DF}.NET40|x86.ActiveCfg = NET40|x86
		{CDC03325-8D29-4E11-AB05-A323EFD040DF}.NET40|x86.Build.0 = NET40|x86
		{CDC03325-8D29-4E11-AB05-A323EFD040DF}.Release|Any CPU.ActiveCfg = Release|Any CPU
		{CDC03325-8D29-4E11-AB05-A323EFD040DF}.Release|Any CPU.Build.0 = Release|Any CPU
		{CDC03325-8D29-4E11-AB05-A323EFD040DF}.Release|x64.ActiveCfg = Release|x64
		{CDC03325-8D29-4E11-AB05-A323EFD040DF}.Release|x64.Build.0 = Release|x64
		{CDC03325-8D29-4E11-AB05-A323EFD040DF}.Release|x86.ActiveCfg = Release|x86
		{CDC03325-8D29-4E11-AB05-A323EFD040DF}.Release|x86.Build.0 = Release|x86
	EndGlobalSection
	GlobalSection(SolutionProperties) = preSolution
		HideSolutionNode = FALSE
	EndGlobalSection
	GlobalSection(ExtensibilityGlobals) = postSolution
		SolutionGuid = {28F97F04-9E36-4331-8444-44E7518E3C41}
	EndGlobalSection
EndGlobal
