
Microsoft Visual Studio Solution File, Format Version 12.00
# Visual Studio Version 17
VisualStudioVersion = 17.3.32804.467
MinimumVisualStudioVersion = 10.0.40219.1
Project("{FAE04EC0-301F-11D3-BF4B-00C04F79EFBC}") = "SharpCmd", "SharpCmd.csproj", "{1DEFB483-1AD2-426C-9C42-593C37F260C1}"
EndProject
Global
	GlobalSection(SolutionConfigurationPlatforms) = preSolution
		Debug|Any CPU = Debug|Any CPU
		Release|Any CPU = Release|Any CPU
	EndGlobalSection
	GlobalSection(ProjectConfigurationPlatforms) = postSolution
		{1DEFB483-1AD2-426C-9C42-593C37F260C1}.Debug|Any CPU.ActiveCfg = Debug|Any CPU
		{1DEFB483-1AD2-426C-9C42-593C37F260C1}.Debug|Any CPU.Build.0 = Debug|Any CPU
		{1DEFB483-1AD2-426C-9C42-593C37F260C1}.Release|Any CPU.ActiveCfg = Release|Any CPU
		{1DEFB483-1AD2-426C-9C42-593C37F260C1}.Release|Any CPU.Build.0 = Release|Any CPU
	EndGlobalSection
	GlobalSection(SolutionProperties) = preSolution
		HideSolutionNode = FALSE
	EndGlobalSection
	GlobalSection(ExtensibilityGlobals) = postSolution
		SolutionGuid = {F4B01674-10B4-438C-AC64-B995D425914F}
	EndGlobalSection
EndGlobal
